
Microsoft Visual Studio Solution File, Format Version 12.00
# Visual Studio Version 17
VisualStudioVersion = 17.10.35004.147
MinimumVisualStudioVersion = 10.0.40219.1
Project("{FAE04EC0-301F-11D3-BF4B-00C04F79EFBC}") = "Whois", "Whois\Whois.csproj", "{194325BF-9076-4370-BC7D-497B4857B47B}"
EndProject
Global
	GlobalSection(SolutionConfigurationPlatforms) = preSolution
		Debug|Any CPU = Debug|Any CPU
		Release|Any CPU = Release|Any CPU
	EndGlobalSection
	GlobalSection(ProjectConfigurationPlatforms) = postSolution
		{194325BF-9076-4370-BC7D-497B4857B47B}.Debug|Any CPU.ActiveCfg = Debug|Any CPU
		{194325BF-9076-4370-BC7D-497B4857B47B}.Debug|Any CPU.Build.0 = Debug|Any CPU
		{194325BF-9076-4370-BC7D-497B4857B47B}.Release|Any CPU.ActiveCfg = Release|Any CPU
		{194325BF-9076-4370-BC7D-497B4857B47B}.Release|Any CPU.Build.0 = Release|Any CPU
	EndGlobalSection
	GlobalSection(SolutionProperties) = preSolution
		HideSolutionNode = FALSE
	EndGlobalSection
	GlobalSection(ExtensibilityGlobals) = postSolution
		SolutionGuid = {1379C11D-31CC-4761-9689-863E1C7BB217}
	EndGlobalSection
EndGlobal
